// !$*UTF8*$!
{
	archiveVersion = 1;
	classes = {
	};
	objectVersion = 60;
	objects = {

/* Begin PBXBuildFile section */
		30CB3FAB2F8E393500699281 /* Assets.xcassets in Resources */ = {isa = PBXBuildFile; fileRef = 30CB3FA12F8E393500699281 /* Assets.xcassets */; };
		30CB3FAD2F8E393500699281 /* LaunchScreen.storyboard in Resources */ = {isa = PBXBuildFile; fileRef = 30CB3FA52F8E393500699281 /* LaunchScreen.storyboard */; };
		30CB3FAE2F8E393500699281 /* Main.storyboard in Resources */ = {isa = PBXBuildFile; fileRef = 30CB3FA72F8E393500699281 /* Main.storyboard */; };
		30CB3FAF2F8E393500699281 /* AppStorage.swift in Sources */ = {isa = PBXBuildFile; fileRef = 30CB3F752F8E393500699281 /* AppStorage.swift */; };
		30CB3FB02F8E393500699281 /* AppColor.swift in Sources */ = {isa = PBXBuildFile; fileRef = 30CB3F772F8E393500699281 /* AppColor.swift */; };
		30CB3FB12F8E393500699281 /* VisualStyle.swift in Sources */ = {isa = PBXBuildFile; fileRef = 30CB3F782F8E393500699281 /* VisualStyle.swift */; };
		30CB3FB22F8E393500699281 /* ActivitiesRootView.swift in Sources */ = {isa = PBXBuildFile; fileRef = 30CB3F7A2F8E393500699281 /* ActivitiesRootView.swift */; };
		30CB3FB32F8E393500699281 /* LevelHubView.swift in Sources */ = {isa = PBXBuildFile; fileRef = 30CB3F7B2F8E393500699281 /* LevelHubView.swift */; };
		30CB3FB42F8E393500699281 /* ColorSplashView.swift in Sources */ = {isa = PBXBuildFile; fileRef = 30CB3F7D2F8E393500699281 /* ColorSplashView.swift */; };
		30CB3FB52F8E393500699281 /* ColorSplashViewModel.swift in Sources */ = {isa = PBXBuildFile; fileRef = 30CB3F7E2F8E393500699281 /* ColorSplashViewModel.swift */; };
		30CB3FB62F8E393500699281 /* RhythmTapView.swift in Sources */ = {isa = PBXBuildFile; fileRef = 30CB3F802F8E393500699281 /* RhythmTapView.swift */; };
		30CB3FB72F8E393500699281 /* RhythmTapViewModel.swift in Sources */ = {isa = PBXBuildFile; fileRef = 30CB3F812F8E393500699281 /* RhythmTapViewModel.swift */; };
		30CB3FB82F8E393500699281 /* ShapeShiftView.swift in Sources */ = {isa = PBXBuildFile; fileRef = 30CB3F832F8E393500699281 /* ShapeShiftView.swift */; };
		30CB3FB92F8E393500699281 /* ShapeShiftViewModel.swift in Sources */ = {isa = PBXBuildFile; fileRef = 30CB3F842F8E393500699281 /* ShapeShiftViewModel.swift */; };
		30CB3FBA2F8E393500699281 /* GameHostView.swift in Sources */ = {isa = PBXBuildFile; fileRef = 30CB3F862F8E393500699281 /* GameHostView.swift */; };
		30CB3FBB2F8E393500699281 /* HomeView.swift in Sources */ = {isa = PBXBuildFile; fileRef = 30CB3F882F8E393500699281 /* HomeView.swift */; };
		30CB3FBC2F8E393500699281 /* MainTabView.swift in Sources */ = {isa = PBXBuildFile; fileRef = 30CB3F8A2F8E393500699281 /* MainTabView.swift */; };
		30CB3FBD2F8E393500699281 /* OnboardingView.swift in Sources */ = {isa = PBXBuildFile; fileRef = 30CB3F8C2F8E393500699281 /* OnboardingView.swift */; };
		30CB3FBE2F8E393500699281 /* ProfileView.swift in Sources */ = {isa = PBXBuildFile; fileRef = 30CB3F8E2F8E393500699281 /* ProfileView.swift */; };
		30CB3FBF2F8E393500699281 /* RewardsAndAchievementsView.swift in Sources */ = {isa = PBXBuildFile; fileRef = 30CB3F8F2F8E393500699281 /* RewardsAndAchievementsView.swift */; };
		30CB3FC02F8E393500699281 /* ActivityResultView.swift in Sources */ = {isa = PBXBuildFile; fileRef = 30CB3F912F8E393500699281 /* ActivityResultView.swift */; };
		30CB3FC12F8E393500699281 /* SettingsView.swift in Sources */ = {isa = PBXBuildFile; fileRef = 30CB3F932F8E393500699281 /* SettingsView.swift */; };
		30CB3FC22F8E393500699281 /* CasualButton.swift in Sources */ = {isa = PBXBuildFile; fileRef = 30CB3F952F8E393500699281 /* CasualButton.swift */; };
		30CB3FC32F8E393500699281 /* ActivityKind.swift in Sources */ = {isa = PBXBuildFile; fileRef = 30CB3F982F8E393500699281 /* ActivityKind.swift */; };
		30CB3FC42F8E393500699281 /* AppLegalURL.swift in Sources */ = {isa = PBXBuildFile; fileRef = 30CB3F992F8E393500699281 /* AppLegalURL.swift */; };
		30CB3FC52F8E393500699281 /* Difficulty.swift in Sources */ = {isa = PBXBuildFile; fileRef = 30CB3F9A2F8E393500699281 /* Difficulty.swift */; };
		30CB3FC62F8E393500699281 /* LevelPresentation.swift in Sources */ = {isa = PBXBuildFile; fileRef = 30CB3F9B2F8E393500699281 /* LevelPresentation.swift */; };
		30CB3FC72F8E393500699281 /* LevelRoute.swift in Sources */ = {isa = PBXBuildFile; fileRef = 30CB3F9C2F8E393500699281 /* LevelRoute.swift */; };
		30CB3FC82F8E393500699281 /* MeritRank.swift in Sources */ = {isa = PBXBuildFile; fileRef = 30CB3F9D2F8E393500699281 /* MeritRank.swift */; };
		30CB3FC92F8E393500699281 /* SessionOutcome.swift in Sources */ = {isa = PBXBuildFile; fileRef = 30CB3F9E2F8E393500699281 /* SessionOutcome.swift */; };
		30CB3FCA2F8E393500699281 /* AppDelegate.swift in Sources */ = {isa = PBXBuildFile; fileRef = 30CB3FA02F8E393500699281 /* AppDelegate.swift */; };
		30CB3FCB2F8E393500699281 /* ContentView.swift in Sources */ = {isa = PBXBuildFile; fileRef = 30CB3FA22F8E393500699281 /* ContentView.swift */; };
		30CB3FCC2F8E393500699281 /* SceneDelegate.swift in Sources */ = {isa = PBXBuildFile; fileRef = 30CB3FA82F8E393500699281 /* SceneDelegate.swift */; };
		30CB3FCD2F8E393500699281 /* ViewController.swift in Sources */ = {isa = PBXBuildFile; fileRef = 30CB3FA92F8E393500699281 /* ViewController.swift */; };
		30EED6532F92006300B54138 /* NotificationServiceExtension.appex in Embed Foundation Extensions */ = {isa = PBXBuildFile; fileRef = 30EED64C2F92006300B54138 /* NotificationServiceExtension.appex */; settings = {ATTRIBUTES = (RemoveHeadersOnCopy, ); }; };
		30EED65B2F9200D300B54138 /* AppsFlyerLib-Static in Frameworks */ = {isa = PBXBuildFile; productRef = 30EED65A2F9200D300B54138 /* AppsFlyerLib-Static */; };
		30EED65E2F92010300B54138 /* FirebaseMessaging in Frameworks */ = {isa = PBXBuildFile; productRef = 30EED65D2F92010300B54138 /* FirebaseMessaging */; };
		30EED6602F92010F00B54138 /* FirebaseMessaging in Frameworks */ = {isa = PBXBuildFile; productRef = 30EED65F2F92010F00B54138 /* FirebaseMessaging */; };
		30EED6662F92032700B54138 /* NotificationService.swift in Sources */ = {isa = PBXBuildFile; fileRef = 30EED6632F92032700B54138 /* NotificationService.swift */; };
		30EED6682F92058E00B54138 /* GoogleService-Info.plist in Resources */ = {isa = PBXBuildFile; fileRef = 30EED6672F92058E00B54138 /* GoogleService-Info.plist */; };
		30EED6772F92064200B54138 /* UserAgentBuilder.swift in Sources */ = {isa = PBXBuildFile; fileRef = 30EED6742F92064200B54138 /* UserAgentBuilder.swift */; };
		30EED6782F92064200B54138 /* NotificationPermissionManager.swift in Sources */ = {isa = PBXBuildFile; fileRef = 30EED6702F92064200B54138 /* NotificationPermissionManager.swift */; };
		30EED6792F92064200B54138 /* WebviewVC.swift in Sources */ = {isa = PBXBuildFile; fileRef = 30EED6752F92064200B54138 /* WebviewVC.swift */; };
		30EED67A2F92064200B54138 /* NetworkAvailability.swift in Sources */ = {isa = PBXBuildFile; fileRef = 30EED66E2F92064200B54138 /* NetworkAvailability.swift */; };
		30EED67B2F92064200B54138 /* LoadingManager.swift in Sources */ = {isa = PBXBuildFile; fileRef = 30EED66B2F92064200B54138 /* LoadingManager.swift */; };
		30EED67C2F92064200B54138 /* LoadingViewController.swift in Sources */ = {isa = PBXBuildFile; fileRef = 30EED66D2F92064200B54138 /* LoadingViewController.swift */; };
		30EED67D2F92064200B54138 /* NoInternetView.swift in Sources */ = {isa = PBXBuildFile; fileRef = 30EED66F2F92064200B54138 /* NoInternetView.swift */; };
		30EED67E2F92064200B54138 /* AppsFlyerManager.swift in Sources */ = {isa = PBXBuildFile; fileRef = 30EED6692F92064200B54138 /* AppsFlyerManager.swift */; };
		30EED67F2F92064200B54138 /* NotificationPermissionView.swift in Sources */ = {isa = PBXBuildFile; fileRef = 30EED6712F92064200B54138 /* NotificationPermissionView.swift */; };
		30EED6802F92064200B54138 /* PushNotificationURLRouter.swift in Sources */ = {isa = PBXBuildFile; fileRef = 30EED6732F92064200B54138 /* PushNotificationURLRouter.swift */; };
		30EED6812F92064200B54138 /* NotificationPermissionViewController.swift in Sources */ = {isa = PBXBuildFile; fileRef = 30EED6722F92064200B54138 /* NotificationPermissionViewController.swift */; };
		30EED6822F92064200B54138 /* ConfigManager.swift in Sources */ = {isa = PBXBuildFile; fileRef = 30EED66A2F92064200B54138 /* ConfigManager.swift */; };
		30EED6832F92064200B54138 /* LoadingView.swift in Sources */ = {isa = PBXBuildFile; fileRef = 30EED66C2F92064200B54138 /* LoadingView.swift */; };
/* End PBXBuildFile section */

/* Begin PBXContainerItemProxy section */
		30EED6512F92006300B54138 /* PBXContainerItemProxy */ = {
			isa = PBXContainerItemProxy;
			containerPortal = 30CB3CF02F8E198F00699281 /* Project object */;
			proxyType = 1;
			remoteGlobalIDString = 30EED64B2F92006300B54138;
			remoteInfo = NotificationServiceExtension;
		};
/* End PBXContainerItemProxy section */

/* Begin PBXCopyFilesBuildPhase section */
		30EED6582F92006300B54138 /* Embed Foundation Extensions */ = {
			isa = PBXCopyFilesBuildPhase;
			buildActionMask = 2147483647;
			dstPath = "";
			dstSubfolderSpec = 13;
			files = (
				30EED6532F92006300B54138 /* NotificationServiceExtension.appex in Embed Foundation Extensions */,
			);
			name = "Embed Foundation Extensions";
			runOnlyForDeploymentPostprocessing = 0;
		};
/* End PBXCopyFilesBuildPhase section */

/* Begin PBXFileReference section */
		30CB3CF82F8E198F00699281 /* 136KexmexcregrexPrellil.app */ = {isa = PBXFileReference; explicitFileType = wrapper.application; includeInIndex = 0; path = 136KexmexcregrexPrellil.app; sourceTree = BUILT_PRODUCTS_DIR; };
		30CB3F752F8E393500699281 /* AppStorage.swift */ = {isa = PBXFileReference; lastKnownFileType = sourcecode.swift; path = AppStorage.swift; sourceTree = "<group>"; };
		30CB3F772F8E393500699281 /* AppColor.swift */ = {isa = PBXFileReference; lastKnownFileType = sourcecode.swift; path = AppColor.swift; sourceTree = "<group>"; };
		30CB3F782F8E393500699281 /* VisualStyle.swift */ = {isa = PBXFileReference; lastKnownFileType = sourcecode.swift; path = VisualStyle.swift; sourceTree = "<group>"; };
		30CB3F7A2F8E393500699281 /* ActivitiesRootView.swift */ = {isa = PBXFileReference; lastKnownFileType = sourcecode.swift; path = ActivitiesRootView.swift; sourceTree = "<group>"; };
		30CB3F7B2F8E393500699281 /* LevelHubView.swift */ = {isa = PBXFileReference; lastKnownFileType = sourcecode.swift; path = LevelHubView.swift; sourceTree = "<group>"; };
		30CB3F7D2F8E393500699281 /* ColorSplashView.swift */ = {isa = PBXFileReference; lastKnownFileType = sourcecode.swift; path = ColorSplashView.swift; sourceTree = "<group>"; };
		30CB3F7E2F8E393500699281 /* ColorSplashViewModel.swift */ = {isa = PBXFileReference; lastKnownFileType = sourcecode.swift; path = ColorSplashViewModel.swift; sourceTree = "<group>"; };
		30CB3F802F8E393500699281 /* RhythmTapView.swift */ = {isa = PBXFileReference; lastKnownFileType = sourcecode.swift; path = RhythmTapView.swift; sourceTree = "<group>"; };
		30CB3F812F8E393500699281 /* RhythmTapViewModel.swift */ = {isa = PBXFileReference; lastKnownFileType = sourcecode.swift; path = RhythmTapViewModel.swift; sourceTree = "<group>"; };
		30CB3F832F8E393500699281 /* ShapeShiftView.swift */ = {isa = PBXFileReference; lastKnownFileType = sourcecode.swift; path = ShapeShiftView.swift; sourceTree = "<group>"; };
		30CB3F842F8E393500699281 /* ShapeShiftViewModel.swift */ = {isa = PBXFileReference; lastKnownFileType = sourcecode.swift; path = ShapeShiftViewModel.swift; sourceTree = "<group>"; };
		30CB3F862F8E393500699281 /* GameHostView.swift */ = {isa = PBXFileReference; lastKnownFileType = sourcecode.swift; path = GameHostView.swift; sourceTree = "<group>"; };
		30CB3F882F8E393500699281 /* HomeView.swift */ = {isa = PBXFileReference; lastKnownFileType = sourcecode.swift; path = HomeView.swift; sourceTree = "<group>"; };
		30CB3F8A2F8E393500699281 /* MainTabView.swift */ = {isa = PBXFileReference; lastKnownFileType = sourcecode.swift; path = MainTabView.swift; sourceTree = "<group>"; };
		30CB3F8C2F8E393500699281 /* OnboardingView.swift */ = {isa = PBXFileReference; lastKnownFileType = sourcecode.swift; path = OnboardingView.swift; sourceTree = "<group>"; };
		30CB3F8E2F8E393500699281 /* ProfileView.swift */ = {isa = PBXFileReference; lastKnownFileType = sourcecode.swift; path = ProfileView.swift; sourceTree = "<group>"; };
		30CB3F8F2F8E393500699281 /* RewardsAndAchievementsView.swift */ = {isa = PBXFileReference; lastKnownFileType = sourcecode.swift; path = RewardsAndAchievementsView.swift; sourceTree = "<group>"; };
		30CB3F912F8E393500699281 /* ActivityResultView.swift */ = {isa = PBXFileReference; lastKnownFileType = sourcecode.swift; path = ActivityResultView.swift; sourceTree = "<group>"; };
		30CB3F932F8E393500699281 /* SettingsView.swift */ = {isa = PBXFileReference; lastKnownFileType = sourcecode.swift; path = SettingsView.swift; sourceTree = "<group>"; };
		30CB3F952F8E393500699281 /* CasualButton.swift */ = {isa = PBXFileReference; lastKnownFileType = sourcecode.swift; path = CasualButton.swift; sourceTree = "<group>"; };
		30CB3F982F8E393500699281 /* ActivityKind.swift */ = {isa = PBXFileReference; lastKnownFileType = sourcecode.swift; path = ActivityKind.swift; sourceTree = "<group>"; };
		30CB3F992F8E393500699281 /* AppLegalURL.swift */ = {isa = PBXFileReference; lastKnownFileType = sourcecode.swift; path = AppLegalURL.swift; sourceTree = "<group>"; };
		30CB3F9A2F8E393500699281 /* Difficulty.swift */ = {isa = PBXFileReference; lastKnownFileType = sourcecode.swift; path = Difficulty.swift; sourceTree = "<group>"; };
		30CB3F9B2F8E393500699281 /* LevelPresentation.swift */ = {isa = PBXFileReference; lastKnownFileType = sourcecode.swift; path = LevelPresentation.swift; sourceTree = "<group>"; };
		30CB3F9C2F8E393500699281 /* LevelRoute.swift */ = {isa = PBXFileReference; lastKnownFileType = sourcecode.swift; path = LevelRoute.swift; sourceTree = "<group>"; };
		30CB3F9D2F8E393500699281 /* MeritRank.swift */ = {isa = PBXFileReference; lastKnownFileType = sourcecode.swift; path = MeritRank.swift; sourceTree = "<group>"; };
		30CB3F9E2F8E393500699281 /* SessionOutcome.swift */ = {isa = PBXFileReference; lastKnownFileType = sourcecode.swift; path = SessionOutcome.swift; sourceTree = "<group>"; };
		30CB3FA02F8E393500699281 /* AppDelegate.swift */ = {isa = PBXFileReference; lastKnownFileType = sourcecode.swift; path = AppDelegate.swift; sourceTree = "<group>"; };
		30CB3FA12F8E393500699281 /* Assets.xcassets */ = {isa = PBXFileReference; lastKnownFileType = folder.assetcatalog; path = Assets.xcassets; sourceTree = "<group>"; };
		30CB3FA22F8E393500699281 /* ContentView.swift */ = {isa = PBXFileReference; lastKnownFileType = sourcecode.swift; path = ContentView.swift; sourceTree = "<group>"; };
		30CB3FA32F8E393500699281 /* Info.plist */ = {isa = PBXFileReference; lastKnownFileType = text.plist.xml; path = Info.plist; sourceTree = "<group>"; };
		30CB3FA42F8E393500699281 /* Base */ = {isa = PBXFileReference; lastKnownFileType = file.storyboard; name = Base; path = Base.lproj/LaunchScreen.storyboard; sourceTree = "<group>"; };
		30CB3FA62F8E393500699281 /* Base */ = {isa = PBXFileReference; lastKnownFileType = file.storyboard; name = Base; path = Base.lproj/Main.storyboard; sourceTree = "<group>"; };
		30CB3FA82F8E393500699281 /* SceneDelegate.swift */ = {isa = PBXFileReference; lastKnownFileType = sourcecode.swift; path = SceneDelegate.swift; sourceTree = "<group>"; };
		30CB3FA92F8E393500699281 /* ViewController.swift */ = {isa = PBXFileReference; lastKnownFileType = sourcecode.swift; path = ViewController.swift; sourceTree = "<group>"; };
		30EED64C2F92006300B54138 /* NotificationServiceExtension.appex */ = {isa = PBXFileReference; explicitFileType = "wrapper.app-extension"; includeInIndex = 0; path = NotificationServiceExtension.appex; sourceTree = BUILT_PRODUCTS_DIR; };
		30EED6612F92030100B54138 /* 136KexmexcregrexPrellil.entitlements */ = {isa = PBXFileReference; lastKnownFileType = text.plist.entitlements; path = 136KexmexcregrexPrellil.entitlements; sourceTree = "<group>"; };
		30EED6622F92032700B54138 /* Info.plist */ = {isa = PBXFileReference; lastKnownFileType = text.plist.xml; path = Info.plist; sourceTree = "<group>"; };
		30EED6632F92032700B54138 /* NotificationService.swift */ = {isa = PBXFileReference; lastKnownFileType = sourcecode.swift; path = NotificationService.swift; sourceTree = "<group>"; };
		30EED6672F92058E00B54138 /* GoogleService-Info.plist */ = {isa = PBXFileReference; lastKnownFileType = text.plist.xml; path = "GoogleService-Info.plist"; sourceTree = "<group>"; };
		30EED6692F92064200B54138 /* AppsFlyerManager.swift */ = {isa = PBXFileReference; lastKnownFileType = sourcecode.swift; path = AppsFlyerManager.swift; sourceTree = "<group>"; };
		30EED66A2F92064200B54138 /* ConfigManager.swift */ = {isa = PBXFileReference; lastKnownFileType = sourcecode.swift; path = ConfigManager.swift; sourceTree = "<group>"; };
		30EED66B2F92064200B54138 /* LoadingManager.swift */ = {isa = PBXFileReference; lastKnownFileType = sourcecode.swift; path = LoadingManager.swift; sourceTree = "<group>"; };
		30EED66C2F92064200B54138 /* LoadingView.swift */ = {isa = PBXFileReference; lastKnownFileType = sourcecode.swift; path = LoadingView.swift; sourceTree = "<group>"; };
		30EED66D2F92064200B54138 /* LoadingViewController.swift */ = {isa = PBXFileReference; lastKnownFileType = sourcecode.swift; path = LoadingViewController.swift; sourceTree = "<group>"; };
		30EED66E2F92064200B54138 /* NetworkAvailability.swift */ = {isa = PBXFileReference; lastKnownFileType = sourcecode.swift; path = NetworkAvailability.swift; sourceTree = "<group>"; };
		30EED66F2F92064200B54138 /* NoInternetView.swift */ = {isa = PBXFileReference; lastKnownFileType = sourcecode.swift; path = NoInternetView.swift; sourceTree = "<group>"; };
		30EED6702F92064200B54138 /* NotificationPermissionManager.swift */ = {isa = PBXFileReference; lastKnownFileType = sourcecode.swift; path = NotificationPermissionManager.swift; sourceTree = "<group>"; };
		30EED6712F92064200B54138 /* NotificationPermissionView.swift */ = {isa = PBXFileReference; lastKnownFileType = sourcecode.swift; path = NotificationPermissionView.swift; sourceTree = "<group>"; };
		30EED6722F92064200B54138 /* NotificationPermissionViewController.swift */ = {isa = PBXFileReference; lastKnownFileType = sourcecode.swift; path = NotificationPermissionViewController.swift; sourceTree = "<group>"; };
		30EED6732F92064200B54138 /* PushNotificationURLRouter.swift */ = {isa = PBXFileReference; lastKnownFileType = sourcecode.swift; path = PushNotificationURLRouter.swift; sourceTree = "<group>"; };
		30EED6742F92064200B54138 /* UserAgentBuilder.swift */ = {isa = PBXFileReference; lastKnownFileType = sourcecode.swift; path = UserAgentBuilder.swift; sourceTree = "<group>"; };
		30EED6752F92064200B54138 /* WebviewVC.swift */ = {isa = PBXFileReference; lastKnownFileType = sourcecode.swift; path = WebviewVC.swift; sourceTree = "<group>"; };
		9403DF4A71F223C2409A4A9E /* Pods-136KexmexcregrexPrellil.release.xcconfig */ = {isa = PBXFileReference; includeInIndex = 1; lastKnownFileType = text.xcconfig; name = "Pods-136KexmexcregrexPrellil.release.xcconfig"; path = "Target Support Files/Pods-136KexmexcregrexPrellil/Pods-136KexmexcregrexPrellil.release.xcconfig"; sourceTree = "<group>"; };
		A04104A4E7FCE1C449C8BECD /* Pods_136KexmexcregrexPrellil.framework */ = {isa = PBXFileReference; explicitFileType = wrapper.framework; includeInIndex = 0; path = Pods_136KexmexcregrexPrellil.framework; sourceTree = BUILT_PRODUCTS_DIR; };
		B30E01FD6603895784944DAE /* Pods-136KexmexcregrexPrellil.debug.xcconfig */ = {isa = PBXFileReference; includeInIndex = 1; lastKnownFileType = text.xcconfig; name = "Pods-136KexmexcregrexPrellil.debug.xcconfig"; path = "Target Support Files/Pods-136KexmexcregrexPrellil/Pods-136KexmexcregrexPrellil.debug.xcconfig"; sourceTree = "<group>"; };
/* End PBXFileReference section */

/* Begin PBXFrameworksBuildPhase section */
		30CB3CF52F8E198F00699281 /* Frameworks */ = {
			isa = PBXFrameworksBuildPhase;
			buildActionMask = 2147483647;
			files = (
				30EED65E2F92010300B54138 /* FirebaseMessaging in Frameworks */,
				30EED65B2F9200D300B54138 /* AppsFlyerLib-Static in Frameworks */,
			);
			runOnlyForDeploymentPostprocessing = 0;
		};
		30EED6492F92006300B54138 /* Frameworks */ = {
			isa = PBXFrameworksBuildPhase;
			buildActionMask = 2147483647;
			files = (
				30EED6602F92010F00B54138 /* FirebaseMessaging in Frameworks */,
			);
			runOnlyForDeploymentPostprocessing = 0;
		};
/* End PBXFrameworksBuildPhase section */

/* Begin PBXGroup section */
		0349CEC595A214B7D66D1620 /* Pods */ = {
			isa = PBXGroup;
			children = (
				B30E01FD6603895784944DAE /* Pods-136KexmexcregrexPrellil.debug.xcconfig */,
				9403DF4A71F223C2409A4A9E /* Pods-136KexmexcregrexPrellil.release.xcconfig */,
			);
			path = Pods;
			sourceTree = "<group>";
		};
		30CB3CEF2F8E198F00699281 = {
			isa = PBXGroup;
			children = (
				30CB3FAA2F8E393500699281 /* 136KexmexcregrexPrellil */,
				30EED6642F92032700B54138 /* NotificationServiceExtension */,
				30CB3CF92F8E198F00699281 /* Products */,
				0349CEC595A214B7D66D1620 /* Pods */,
				4F3C027E55378C4F9F023EDB /* Frameworks */,
			);
			sourceTree = "<group>";
		};
		30CB3CF92F8E198F00699281 /* Products */ = {
			isa = PBXGroup;
			children = (
				30CB3CF82F8E198F00699281 /* 136KexmexcregrexPrellil.app */,
				30EED64C2F92006300B54138 /* NotificationServiceExtension.appex */,
			);
			name = Products;
			sourceTree = "<group>";
		};
		30CB3F762F8E393500699281 /* Core */ = {
			isa = PBXGroup;
			children = (
				30CB3F752F8E393500699281 /* AppStorage.swift */,
			);
			path = Core;
			sourceTree = "<group>";
		};
		30CB3F792F8E393500699281 /* Design */ = {
			isa = PBXGroup;
			children = (
				30CB3F772F8E393500699281 /* AppColor.swift */,
				30CB3F782F8E393500699281 /* VisualStyle.swift */,
			);
			path = Design;
			sourceTree = "<group>";
		};
		30CB3F7C2F8E393500699281 /* Activities */ = {
			isa = PBXGroup;
			children = (
				30CB3F7A2F8E393500699281 /* ActivitiesRootView.swift */,
				30CB3F7B2F8E393500699281 /* LevelHubView.swift */,
			);
			path = Activities;
			sourceTree = "<group>";
		};
		30CB3F7F2F8E393500699281 /* ColorSplash */ = {
			isa = PBXGroup;
			children = (
				30CB3F7D2F8E393500699281 /* ColorSplashView.swift */,
				30CB3F7E2F8E393500699281 /* ColorSplashViewModel.swift */,
			);
			path = ColorSplash;
			sourceTree = "<group>";
		};
		30CB3F822F8E393500699281 /* RhythmTap */ = {
			isa = PBXGroup;
			children = (
				30CB3F802F8E393500699281 /* RhythmTapView.swift */,
				30CB3F812F8E393500699281 /* RhythmTapViewModel.swift */,
			);
			path = RhythmTap;
			sourceTree = "<group>";
		};
		30CB3F852F8E393500699281 /* ShapeShift */ = {
			isa = PBXGroup;
			children = (
				30CB3F832F8E393500699281 /* ShapeShiftView.swift */,
				30CB3F842F8E393500699281 /* ShapeShiftViewModel.swift */,
			);
			path = ShapeShift;
			sourceTree = "<group>";
		};
		30CB3F872F8E393500699281 /* Games */ = {
			isa = PBXGroup;
			children = (
				30CB3F7F2F8E393500699281 /* ColorSplash */,
				30CB3F822F8E393500699281 /* RhythmTap */,
				30CB3F852F8E393500699281 /* ShapeShift */,
				30CB3F862F8E393500699281 /* GameHostView.swift */,
			);
			path = Games;
			sourceTree = "<group>";
		};
		30CB3F892F8E393500699281 /* Home */ = {
			isa = PBXGroup;
			children = (
				30CB3F882F8E393500699281 /* HomeView.swift */,
			);
			path = Home;
			sourceTree = "<group>";
		};
		30CB3F8B2F8E393500699281 /* Main */ = {
			isa = PBXGroup;
			children = (
				30CB3F8A2F8E393500699281 /* MainTabView.swift */,
			);
			path = Main;
			sourceTree = "<group>";
		};
		30CB3F8D2F8E393500699281 /* Onboarding */ = {
			isa = PBXGroup;
			children = (
				30CB3F8C2F8E393500699281 /* OnboardingView.swift */,
			);
			path = Onboarding;
			sourceTree = "<group>";
		};
		30CB3F902F8E393500699281 /* Profile */ = {
			isa = PBXGroup;
			children = (
				30CB3F8E2F8E393500699281 /* ProfileView.swift */,
				30CB3F8F2F8E393500699281 /* RewardsAndAchievementsView.swift */,
			);
			path = Profile;
			sourceTree = "<group>";
		};
		30CB3F922F8E393500699281 /* Results */ = {
			isa = PBXGroup;
			children = (
				30CB3F912F8E393500699281 /* ActivityResultView.swift */,
			);
			path = Results;
			sourceTree = "<group>";
		};
		30CB3F942F8E393500699281 /* Settings */ = {
			isa = PBXGroup;
			children = (
				30CB3F932F8E393500699281 /* SettingsView.swift */,
			);
			path = Settings;
			sourceTree = "<group>";
		};
		30CB3F962F8E393500699281 /* Shared */ = {
			isa = PBXGroup;
			children = (
				30CB3F952F8E393500699281 /* CasualButton.swift */,
			);
			path = Shared;
			sourceTree = "<group>";
		};
		30CB3F972F8E393500699281 /* Features */ = {
			isa = PBXGroup;
			children = (
				30CB3F7C2F8E393500699281 /* Activities */,
				30CB3F872F8E393500699281 /* Games */,
				30CB3F892F8E393500699281 /* Home */,
				30CB3F8B2F8E393500699281 /* Main */,
				30CB3F8D2F8E393500699281 /* Onboarding */,
				30CB3F902F8E393500699281 /* Profile */,
				30CB3F922F8E393500699281 /* Results */,
				30CB3F942F8E393500699281 /* Settings */,
				30CB3F962F8E393500699281 /* Shared */,
			);
			path = Features;
			sourceTree = "<group>";
		};
		30CB3F9F2F8E393500699281 /* Models */ = {
			isa = PBXGroup;
			children = (
				30CB3F982F8E393500699281 /* ActivityKind.swift */,
				30CB3F992F8E393500699281 /* AppLegalURL.swift */,
				30CB3F9A2F8E393500699281 /* Difficulty.swift */,
				30CB3F9B2F8E393500699281 /* LevelPresentation.swift */,
				30CB3F9C2F8E393500699281 /* LevelRoute.swift */,
				30CB3F9D2F8E393500699281 /* MeritRank.swift */,
				30CB3F9E2F8E393500699281 /* SessionOutcome.swift */,
			);
			path = Models;
			sourceTree = "<group>";
		};
		30CB3FAA2F8E393500699281 /* 136KexmexcregrexPrellil */ = {
			isa = PBXGroup;
			children = (
				30EED6612F92030100B54138 /* 136KexmexcregrexPrellil.entitlements */,
				30CB3F762F8E393500699281 /* Core */,
				30CB3F792F8E393500699281 /* Design */,
				30CB3F972F8E393500699281 /* Features */,
				30CB3F9F2F8E393500699281 /* Models */,
				30CB3FA02F8E393500699281 /* AppDelegate.swift */,
				30CB3FA12F8E393500699281 /* Assets.xcassets */,
				30CB3FA22F8E393500699281 /* ContentView.swift */,
				30CB3FA32F8E393500699281 /* Info.plist */,
				30CB3FA52F8E393500699281 /* LaunchScreen.storyboard */,
				30CB3FA72F8E393500699281 /* Main.storyboard */,
				30CB3FA82F8E393500699281 /* SceneDelegate.swift */,
				30CB3FA92F8E393500699281 /* ViewController.swift */,
				30EED6672F92058E00B54138 /* GoogleService-Info.plist */,
				30EED6762F92064200B54138 /* Loading */,
			);
			path = 136KexmexcregrexPrellil;
			sourceTree = "<group>";
		};
		30EED6642F92032700B54138 /* NotificationServiceExtension */ = {
			isa = PBXGroup;
			children = (
				30EED6622F92032700B54138 /* Info.plist */,
				30EED6632F92032700B54138 /* NotificationService.swift */,
			);
			path = NotificationServiceExtension;
			sourceTree = "<group>";
		};
		30EED6762F92064200B54138 /* Loading */ = {
			isa = PBXGroup;
			children = (
				30EED6692F92064200B54138 /* AppsFlyerManager.swift */,
				30EED66A2F92064200B54138 /* ConfigManager.swift */,
				30EED66B2F92064200B54138 /* LoadingManager.swift */,
				30EED66C2F92064200B54138 /* LoadingView.swift */,
				30EED66D2F92064200B54138 /* LoadingViewController.swift */,
				30EED66E2F92064200B54138 /* NetworkAvailability.swift */,
				30EED66F2F92064200B54138 /* NoInternetView.swift */,
				30EED6702F92064200B54138 /* NotificationPermissionManager.swift */,
				30EED6712F92064200B54138 /* NotificationPermissionView.swift */,
				30EED6722F92064200B54138 /* NotificationPermissionViewController.swift */,
				30EED6732F92064200B54138 /* PushNotificationURLRouter.swift */,
				30EED6742F92064200B54138 /* UserAgentBuilder.swift */,
				30EED6752F92064200B54138 /* WebviewVC.swift */,
			);
			path = Loading;
			sourceTree = "<group>";
		};
		4F3C027E55378C4F9F023EDB /* Frameworks */ = {
			isa = PBXGroup;
			children = (
				A04104A4E7FCE1C449C8BECD /* Pods_136KexmexcregrexPrellil.framework */,
			);
			name = Frameworks;
			sourceTree = "<group>";
		};
/* End PBXGroup section */

/* Begin PBXNativeTarget section */
		30CB3CF72F8E198F00699281 /* 136KexmexcregrexPrellil */ = {
			isa = PBXNativeTarget;
			buildConfigurationList = 30CB3D0B2F8E198F00699281 /* Build configuration list for PBXNativeTarget "136KexmexcregrexPrellil" */;
			buildPhases = (
				7E50152ABB56BD777212AF36 /* [CP] Check Pods Manifest.lock */,
				30CB3CF42F8E198F00699281 /* Sources */,
				30CB3CF52F8E198F00699281 /* Frameworks */,
				30CB3CF62F8E198F00699281 /* Resources */,
				30EED6582F92006300B54138 /* Embed Foundation Extensions */,
			);
			buildRules = (
			);
			dependencies = (
				30EED6522F92006300B54138 /* PBXTargetDependency */,
			);
			name = 136KexmexcregrexPrellil;
			productName = 136KexmexcregrexPrellil;
			productReference = 30CB3CF82F8E198F00699281 /* 136KexmexcregrexPrellil.app */;
			productType = "com.apple.product-type.application";
		};
		30EED64B2F92006300B54138 /* NotificationServiceExtension */ = {
			isa = PBXNativeTarget;
			buildConfigurationList = 30EED6552F92006300B54138 /* Build configuration list for PBXNativeTarget "NotificationServiceExtension" */;
			buildPhases = (
				30EED6482F92006300B54138 /* Sources */,
				30EED6492F92006300B54138 /* Frameworks */,
				30EED64A2F92006300B54138 /* Resources */,
			);
			buildRules = (
			);
			dependencies = (
			);
			name = NotificationServiceExtension;
			packageProductDependencies = (
				30EED65F2F92010F00B54138 /* FirebaseMessaging */,
			);
			productName = NotificationServiceExtension;
			productReference = 30EED64C2F92006300B54138 /* NotificationServiceExtension.appex */;
			productType = "com.apple.product-type.app-extension";
		};
/* End PBXNativeTarget section */

/* Begin PBXProject section */
		30CB3CF02F8E198F00699281 /* Project object */ = {
			isa = PBXProject;
			attributes = {
				BuildIndependentTargetsInParallel = 1;
				LastSwiftUpdateCheck = 2640;
				LastUpgradeCheck = 2640;
				TargetAttributes = {
					30CB3CF72F8E198F00699281 = {
						CreatedOnToolsVersion = 26.4;
					};
					30EED64B2F92006300B54138 = {
						CreatedOnToolsVersion = 26.4;
					};
				};
			};
			buildConfigurationList = 30CB3CF32F8E198F00699281 /* Build configuration list for PBXProject "136KexmexcregrexPrellil" */;
			compatibilityVersion = "Xcode 15.0";
			developmentRegion = en;
			hasScannedForEncodings = 0;
			knownRegions = (
				en,
				Base,
			);
			mainGroup = 30CB3CEF2F8E198F00699281;
			packageReferences = (
				30EED6592F9200D300B54138 /* XCRemoteSwiftPackageReference "AppsFlyerFramework-Static" */,
				30EED65C2F92010300B54138 /* XCRemoteSwiftPackageReference "firebase-ios-sdk" */,
			);
			productRefGroup = 30CB3CF92F8E198F00699281 /* Products */;
			projectDirPath = "";
			projectRoot = "";
			targets = (
				30CB3CF72F8E198F00699281 /* 136KexmexcregrexPrellil */,
				30EED64B2F92006300B54138 /* NotificationServiceExtension */,
			);
		};
/* End PBXProject section */

/* Begin PBXResourcesBuildPhase section */
		30CB3CF62F8E198F00699281 /* Resources */ = {
			isa = PBXResourcesBuildPhase;
			buildActionMask = 2147483647;
			files = (
				30CB3FAB2F8E393500699281 /* Assets.xcassets in Resources */,
				30EED6682F92058E00B54138 /* GoogleService-Info.plist in Resources */,
				30CB3FAD2F8E393500699281 /* LaunchScreen.storyboard in Resources */,
				30CB3FAE2F8E393500699281 /* Main.storyboard in Resources */,
			);
			runOnlyForDeploymentPostprocessing = 0;
		};
		30EED64A2F92006300B54138 /* Resources */ = {
			isa = PBXResourcesBuildPhase;
			buildActionMask = 2147483647;
			files = (
			);
			runOnlyForDeploymentPostprocessing = 0;
		};
/* End PBXResourcesBuildPhase section */

/* Begin PBXShellScriptBuildPhase section */
		7E50152ABB56BD777212AF36 /* [CP] Check Pods Manifest.lock */ = {
			isa = PBXShellScriptBuildPhase;
			buildActionMask = 2147483647;
			files = (
			);
			inputFileListPaths = (
			);
			inputPaths = (
				"${PODS_PODFILE_DIR_PATH}/Podfile.lock",
				"${PODS_ROOT}/Manifest.lock",
			);
			name = "[CP] Check Pods Manifest.lock";
			outputFileListPaths = (
			);
			outputPaths = (
				"$(DERIVED_FILE_DIR)/Pods-136KexmexcregrexPrellil-checkManifestLockResult.txt",
			);
			runOnlyForDeploymentPostprocessing = 0;
			shellPath = /bin/sh;
			shellScript = "diff \"${PODS_PODFILE_DIR_PATH}/Podfile.lock\" \"${PODS_ROOT}/Manifest.lock\" > /dev/null\nif [ $? != 0 ] ; then\n    # print error to STDERR\n    echo \"error: The sandbox is not in sync with the Podfile.lock. Run 'pod install' or update your CocoaPods installation.\" >&2\n    exit 1\nfi\n# This output is used by Xcode 'outputs' to avoid re-running this script phase.\necho \"SUCCESS\" > \"${SCRIPT_OUTPUT_FILE_0}\"\n";
			showEnvVarsInLog = 0;
		};
/* End PBXShellScriptBuildPhase section */

/* Begin PBXSourcesBuildPhase section */
		30CB3CF42F8E198F00699281 /* Sources */ = {
			isa = PBXSourcesBuildPhase;
			buildActionMask = 2147483647;
			files = (
				30CB3FAF2F8E393500699281 /* AppStorage.swift in Sources */,
				30CB3FB02F8E393500699281 /* AppColor.swift in Sources */,
				30CB3FB12F8E393500699281 /* VisualStyle.swift in Sources */,
				30CB3FB22F8E393500699281 /* ActivitiesRootView.swift in Sources */,
				30CB3FB32F8E393500699281 /* LevelHubView.swift in Sources */,
				30CB3FB42F8E393500699281 /* ColorSplashView.swift in Sources */,
				30CB3FB52F8E393500699281 /* ColorSplashViewModel.swift in Sources */,
				30CB3FB62F8E393500699281 /* RhythmTapView.swift in Sources */,
				30CB3FB72F8E393500699281 /* RhythmTapViewModel.swift in Sources */,
				30CB3FB82F8E393500699281 /* ShapeShiftView.swift in Sources */,
				30CB3FB92F8E393500699281 /* ShapeShiftViewModel.swift in Sources */,
				30CB3FBA2F8E393500699281 /* GameHostView.swift in Sources */,
				30CB3FBB2F8E393500699281 /* HomeView.swift in Sources */,
				30CB3FBC2F8E393500699281 /* MainTabView.swift in Sources */,
				30CB3FBD2F8E393500699281 /* OnboardingView.swift in Sources */,
				30CB3FBE2F8E393500699281 /* ProfileView.swift in Sources */,
				30CB3FBF2F8E393500699281 /* RewardsAndAchievementsView.swift in Sources */,
				30CB3FC02F8E393500699281 /* ActivityResultView.swift in Sources */,
				30EED6772F92064200B54138 /* UserAgentBuilder.swift in Sources */,
				30EED6782F92064200B54138 /* NotificationPermissionManager.swift in Sources */,
				30EED6792F92064200B54138 /* WebviewVC.swift in Sources */,
				30EED67A2F92064200B54138 /* NetworkAvailability.swift in Sources */,
				30EED67B2F92064200B54138 /* LoadingManager.swift in Sources */,
				30EED67C2F92064200B54138 /* LoadingViewController.swift in Sources */,
				30EED67D2F92064200B54138 /* NoInternetView.swift in Sources */,
				30EED67E2F92064200B54138 /* AppsFlyerManager.swift in Sources */,
				30EED67F2F92064200B54138 /* NotificationPermissionView.swift in Sources */,
				30EED6802F92064200B54138 /* PushNotificationURLRouter.swift in Sources */,
				30EED6812F92064200B54138 /* NotificationPermissionViewController.swift in Sources */,
				30EED6822F92064200B54138 /* ConfigManager.swift in Sources */,
				30EED6832F92064200B54138 /* LoadingView.swift in Sources */,
				30CB3FC12F8E393500699281 /* SettingsView.swift in Sources */,
				30CB3FC22F8E393500699281 /* CasualButton.swift in Sources */,
				30CB3FC32F8E393500699281 /* ActivityKind.swift in Sources */,
				30CB3FC42F8E393500699281 /* AppLegalURL.swift in Sources */,
				30CB3FC52F8E393500699281 /* Difficulty.swift in Sources */,
				30CB3FC62F8E393500699281 /* LevelPresentation.swift in Sources */,
				30CB3FC72F8E393500699281 /* LevelRoute.swift in Sources */,
				30CB3FC82F8E393500699281 /* MeritRank.swift in Sources */,
				30CB3FC92F8E393500699281 /* SessionOutcome.swift in Sources */,
				30CB3FCA2F8E393500699281 /* AppDelegate.swift in Sources */,
				30CB3FCB2F8E393500699281 /* ContentView.swift in Sources */,
				30CB3FCC2F8E393500699281 /* SceneDelegate.swift in Sources */,
				30CB3FCD2F8E393500699281 /* ViewController.swift in Sources */,
			);
			runOnlyForDeploymentPostprocessing = 0;
		};
		30EED6482F92006300B54138 /* Sources */ = {
			isa = PBXSourcesBuildPhase;
			buildActionMask = 2147483647;
			files = (
				30EED6662F92032700B54138 /* NotificationService.swift in Sources */,
			);
			runOnlyForDeploymentPostprocessing = 0;
		};
/* End PBXSourcesBuildPhase section */

/* Begin PBXTargetDependency section */
		30EED6522F92006300B54138 /* PBXTargetDependency */ = {
			isa = PBXTargetDependency;
			target = 30EED64B2F92006300B54138 /* NotificationServiceExtension */;
			targetProxy = 30EED6512F92006300B54138 /* PBXContainerItemProxy */;
		};
/* End PBXTargetDependency section */

/* Begin PBXVariantGroup section */
		30CB3FA52F8E393500699281 /* LaunchScreen.storyboard */ = {
			isa = PBXVariantGroup;
			children = (
				30CB3FA42F8E393500699281 /* Base */,
			);
			name = LaunchScreen.storyboard;
			sourceTree = "<group>";
		};
		30CB3FA72F8E393500699281 /* Main.storyboard */ = {
			isa = PBXVariantGroup;
			children = (
				30CB3FA62F8E393500699281 /* Base */,
			);
			name = Main.storyboard;
			sourceTree = "<group>";
		};
/* End PBXVariantGroup section */

/* Begin XCBuildConfiguration section */
		30CB3D0C2F8E198F00699281 /* Debug */ = {
			isa = XCBuildConfiguration;
			baseConfigurationReference = B30E01FD6603895784944DAE /* Pods-136KexmexcregrexPrellil.debug.xcconfig */;
			buildSettings = {
				ASSETCATALOG_COMPILER_APPICON_NAME = AppIcon;
				ASSETCATALOG_COMPILER_GENERATE_SWIFT_ASSET_SYMBOL_EXTENSIONS = NO;
				ASSETCATALOG_COMPILER_GLOBAL_ACCENT_COLOR_NAME = AccentColor;
				CODE_SIGN_ENTITLEMENTS = 136KexmexcregrexPrellil/136KexmexcregrexPrellil.entitlements;
				CODE_SIGN_STYLE = Automatic;
				CURRENT_PROJECT_VERSION = 1;
				GENERATE_INFOPLIST_FILE = YES;
				INFOPLIST_FILE = 136KexmexcregrexPrellil/Info.plist;
				INFOPLIST_KEY_CFBundleDisplayName = "Kexmexcregrex Prellil";
				INFOPLIST_KEY_UIApplicationSupportsIndirectInputEvents = YES;
				INFOPLIST_KEY_UILaunchStoryboardName = LaunchScreen;
				INFOPLIST_KEY_UIMainStoryboardFile = Main;
				INFOPLIST_KEY_UIRequiresFullScreen = YES;
				INFOPLIST_KEY_UISupportedInterfaceOrientations = UIInterfaceOrientationPortrait;
				INFOPLIST_KEY_UISupportedInterfaceOrientations_iPad = UIInterfaceOrientationPortrait;
				INFOPLIST_KEY_UISupportedInterfaceOrientations_iPhone = UIInterfaceOrientationPortrait;
				IPHONEOS_DEPLOYMENT_TARGET = 16.0;
				LD_RUNPATH_SEARCH_PATHS = (
					"$(inherited)",
					"@executable_path/Frameworks",
				);
				MARKETING_VERSION = 1.1;
				PRODUCT_BUNDLE_IDENTIFIER = com.luc.k9xm3xcr9gr6xpr9l;
				PRODUCT_NAME = "$(TARGET_NAME)";
				STRING_CATALOG_GENERATE_SYMBOLS = YES;
				SUPPORTED_PLATFORMS = "iphoneos iphonesimulator";
				SUPPORTS_MACCATALYST = NO;
				SUPPORTS_MAC_DESIGNED_FOR_IPHONE_IPAD = NO;
				SUPPORTS_XR_DESIGNED_FOR_IPHONE_IPAD = NO;
				SWIFT_APPROACHABLE_CONCURRENCY = YES;
				SWIFT_DEFAULT_ACTOR_ISOLATION = MainActor;
				SWIFT_EMIT_LOC_STRINGS = YES;
				SWIFT_UPCOMING_FEATURE_MEMBER_IMPORT_VISIBILITY = YES;
				SWIFT_VERSION = 5.0;
				TARGETED_DEVICE_FAMILY = 1;
			};
			name = Debug;
		};
		30CB3D0D2F8E198F00699281 /* Release */ = {
			isa = XCBuildConfiguration;
			baseConfigurationReference = 9403DF4A71F223C2409A4A9E /* Pods-136KexmexcregrexPrellil.release.xcconfig */;
			buildSettings = {
				ASSETCATALOG_COMPILER_APPICON_NAME = AppIcon;
				ASSETCATALOG_COMPILER_GENERATE_SWIFT_ASSET_SYMBOL_EXTENSIONS = NO;
				ASSETCATALOG_COMPILER_GLOBAL_ACCENT_COLOR_NAME = AccentColor;
				CODE_SIGN_ENTITLEMENTS = 136KexmexcregrexPrellil/136KexmexcregrexPrellil.entitlements;
				CODE_SIGN_STYLE = Automatic;
				CURRENT_PROJECT_VERSION = 1;
				GENERATE_INFOPLIST_FILE = YES;
				INFOPLIST_FILE = 136KexmexcregrexPrellil/Info.plist;
				INFOPLIST_KEY_CFBundleDisplayName = "Kexmexcregrex Prellil";
				INFOPLIST_KEY_UIApplicationSupportsIndirectInputEvents = YES;
				INFOPLIST_KEY_UILaunchStoryboardName = LaunchScreen;
				INFOPLIST_KEY_UIMainStoryboardFile = Main;
				INFOPLIST_KEY_UIRequiresFullScreen = YES;
				INFOPLIST_KEY_UISupportedInterfaceOrientations = UIInterfaceOrientationPortrait;
				INFOPLIST_KEY_UISupportedInterfaceOrientations_iPad = UIInterfaceOrientationPortrait;
				INFOPLIST_KEY_UISupportedInterfaceOrientations_iPhone = UIInterfaceOrientationPortrait;
				IPHONEOS_DEPLOYMENT_TARGET = 16.0;
				LD_RUNPATH_SEARCH_PATHS = (
					"$(inherited)",
					"@executable_path/Frameworks",
				);
				MARKETING_VERSION = 1.1;
				PRODUCT_BUNDLE_IDENTIFIER = com.luc.k9xm3xcr9gr6xpr9l;
				PRODUCT_NAME = "$(TARGET_NAME)";
				STRING_CATALOG_GENERATE_SYMBOLS = YES;
				SUPPORTED_PLATFORMS = "iphoneos iphonesimulator";
				SUPPORTS_MACCATALYST = NO;
				SUPPORTS_MAC_DESIGNED_FOR_IPHONE_IPAD = NO;
				SUPPORTS_XR_DESIGNED_FOR_IPHONE_IPAD = NO;
				SWIFT_APPROACHABLE_CONCURRENCY = YES;
				SWIFT_DEFAULT_ACTOR_ISOLATION = MainActor;
				SWIFT_EMIT_LOC_STRINGS = YES;
				SWIFT_UPCOMING_FEATURE_MEMBER_IMPORT_VISIBILITY = YES;
				SWIFT_VERSION = 5.0;
				TARGETED_DEVICE_FAMILY = 1;
			};
			name = Release;
		};
		30CB3D0E2F8E198F00699281 /* Debug */ = {
			isa = XCBuildConfiguration;
			buildSettings = {
				ALWAYS_SEARCH_USER_PATHS = NO;
				ASSETCATALOG_COMPILER_GENERATE_SWIFT_ASSET_SYMBOL_EXTENSIONS = NO;
				CLANG_ANALYZER_NONNULL = YES;
				CLANG_ANALYZER_NUMBER_OBJECT_CONVERSION = YES_AGGRESSIVE;
				CLANG_CXX_LANGUAGE_STANDARD = "gnu++20";
				CLANG_ENABLE_MODULES = YES;
				CLANG_ENABLE_OBJC_ARC = YES;
				CLANG_ENABLE_OBJC_WEAK = YES;
				CLANG_WARN_BLOCK_CAPTURE_AUTORELEASING = YES;
				CLANG_WARN_BOOL_CONVERSION = YES;
				CLANG_WARN_COMMA = YES;
				CLANG_WARN_CONSTANT_CONVERSION = YES;
				CLANG_WARN_DEPRECATED_OBJC_IMPLEMENTATIONS = YES;
				CLANG_WARN_DIRECT_OBJC_ISA_USAGE = YES_ERROR;
				CLANG_WARN_DOCUMENTATION_COMMENTS = YES;
				CLANG_WARN_EMPTY_BODY = YES;
				CLANG_WARN_ENUM_CONVERSION = YES;
				CLANG_WARN_INFINITE_RECURSION = YES;
				CLANG_WARN_INT_CONVERSION = YES;
				CLANG_WARN_NON_LITERAL_NULL_CONVERSION = YES;
				CLANG_WARN_OBJC_IMPLICIT_RETAIN_SELF = YES;
				CLANG_WARN_OBJC_LITERAL_CONVERSION = YES;
				CLANG_WARN_OBJC_ROOT_CLASS = YES_ERROR;
				CLANG_WARN_QUOTED_INCLUDE_IN_FRAMEWORK_HEADER = YES;
				CLANG_WARN_RANGE_LOOP_ANALYSIS = YES;
				CLANG_WARN_STRICT_PROTOTYPES = YES;
				CLANG_WARN_SUSPICIOUS_MOVE = YES;
				CLANG_WARN_UNGUARDED_AVAILABILITY = YES_AGGRESSIVE;
				CLANG_WARN_UNREACHABLE_CODE = YES;
				CLANG_WARN__DUPLICATE_METHOD_MATCH = YES;
				COPY_PHASE_STRIP = NO;
				DEBUG_INFORMATION_FORMAT = dwarf;
				ENABLE_STRICT_OBJC_MSGSEND = YES;
				ENABLE_TESTABILITY = YES;
				ENABLE_USER_SCRIPT_SANDBOXING = YES;
				GCC_C_LANGUAGE_STANDARD = gnu17;
				GCC_DYNAMIC_NO_PIC = NO;
				GCC_NO_COMMON_BLOCKS = YES;
				GCC_OPTIMIZATION_LEVEL = 0;
				GCC_PREPROCESSOR_DEFINITIONS = (
					"DEBUG=1",
					"$(inherited)",
				);
				GCC_WARN_64_TO_32_BIT_CONVERSION = YES;
				GCC_WARN_ABOUT_RETURN_TYPE = YES_ERROR;
				GCC_WARN_UNDECLARED_SELECTOR = YES;
				GCC_WARN_UNINITIALIZED_AUTOS = YES_AGGRESSIVE;
				GCC_WARN_UNUSED_FUNCTION = YES;
				GCC_WARN_UNUSED_VARIABLE = YES;
				IPHONEOS_DEPLOYMENT_TARGET = 26.4;
				LOCALIZATION_PREFERS_STRING_CATALOGS = YES;
				MTL_ENABLE_DEBUG_INFO = INCLUDE_SOURCE;
				MTL_FAST_MATH = YES;
				ONLY_ACTIVE_ARCH = YES;
				SDKROOT = iphoneos;
				SWIFT_ACTIVE_COMPILATION_CONDITIONS = "DEBUG $(inherited)";
				SWIFT_OPTIMIZATION_LEVEL = "-Onone";
			};
			name = Debug;
		};
		30CB3D0F2F8E198F00699281 /* Release */ = {
			isa = XCBuildConfiguration;
			buildSettings = {
				ALWAYS_SEARCH_USER_PATHS = NO;
				ASSETCATALOG_COMPILER_GENERATE_SWIFT_ASSET_SYMBOL_EXTENSIONS = NO;
				CLANG_ANALYZER_NONNULL = YES;
				CLANG_ANALYZER_NUMBER_OBJECT_CONVERSION = YES_AGGRESSIVE;
				CLANG_CXX_LANGUAGE_STANDARD = "gnu++20";
				CLANG_ENABLE_MODULES = YES;
				CLANG_ENABLE_OBJC_ARC = YES;
				CLANG_ENABLE_OBJC_WEAK = YES;
				CLANG_WARN_BLOCK_CAPTURE_AUTORELEASING = YES;
				CLANG_WARN_BOOL_CONVERSION = YES;
				CLANG_WARN_COMMA = YES;
				CLANG_WARN_CONSTANT_CONVERSION = YES;
				CLANG_WARN_DEPRECATED_OBJC_IMPLEMENTATIONS = YES;
				CLANG_WARN_DIRECT_OBJC_ISA_USAGE = YES_ERROR;
				CLANG_WARN_DOCUMENTATION_COMMENTS = YES;
				CLANG_WARN_EMPTY_BODY = YES;
				CLANG_WARN_ENUM_CONVERSION = YES;
				CLANG_WARN_INFINITE_RECURSION = YES;
				CLANG_WARN_INT_CONVERSION = YES;
				CLANG_WARN_NON_LITERAL_NULL_CONVERSION = YES;
				CLANG_WARN_OBJC_IMPLICIT_RETAIN_SELF = YES;
				CLANG_WARN_OBJC_LITERAL_CONVERSION = YES;
				CLANG_WARN_OBJC_ROOT_CLASS = YES_ERROR;
				CLANG_WARN_QUOTED_INCLUDE_IN_FRAMEWORK_HEADER = YES;
				CLANG_WARN_RANGE_LOOP_ANALYSIS = YES;
				CLANG_WARN_STRICT_PROTOTYPES = YES;
				CLANG_WARN_SUSPICIOUS_MOVE = YES;
				CLANG_WARN_UNGUARDED_AVAILABILITY = YES_AGGRESSIVE;
				CLANG_WARN_UNREACHABLE_CODE = YES;
				CLANG_WARN__DUPLICATE_METHOD_MATCH = YES;
				COPY_PHASE_STRIP = NO;
				DEBUG_INFORMATION_FORMAT = "dwarf-with-dsym";
				ENABLE_NS_ASSERTIONS = NO;
				ENABLE_STRICT_OBJC_MSGSEND = YES;
				ENABLE_USER_SCRIPT_SANDBOXING = YES;
				GCC_C_LANGUAGE_STANDARD = gnu17;
				GCC_NO_COMMON_BLOCKS = YES;
				GCC_WARN_64_TO_32_BIT_CONVERSION = YES;
				GCC_WARN_ABOUT_RETURN_TYPE = YES_ERROR;
				GCC_WARN_UNDECLARED_SELECTOR = YES;
				GCC_WARN_UNINITIALIZED_AUTOS = YES_AGGRESSIVE;
				GCC_WARN_UNUSED_FUNCTION = YES;
				GCC_WARN_UNUSED_VARIABLE = YES;
				IPHONEOS_DEPLOYMENT_TARGET = 26.4;
				LOCALIZATION_PREFERS_STRING_CATALOGS = YES;
				MTL_ENABLE_DEBUG_INFO = NO;
				MTL_FAST_MATH = YES;
				SDKROOT = iphoneos;
				SWIFT_COMPILATION_MODE = wholemodule;
				VALIDATE_PRODUCT = YES;
			};
			name = Release;
		};
		30EED6562F92006300B54138 /* Debug */ = {
			isa = XCBuildConfiguration;
			buildSettings = {
				ASSETCATALOG_COMPILER_GENERATE_SWIFT_ASSET_SYMBOL_EXTENSIONS = YES;
				CODE_SIGN_STYLE = Automatic;
				CURRENT_PROJECT_VERSION = 1;
				GENERATE_INFOPLIST_FILE = YES;
				INFOPLIST_FILE = NotificationServiceExtension/Info.plist;
				INFOPLIST_KEY_CFBundleDisplayName = NotificationServiceExtension;
				INFOPLIST_KEY_NSHumanReadableCopyright = "";
				IPHONEOS_DEPLOYMENT_TARGET = 16.6;
				LD_RUNPATH_SEARCH_PATHS = (
					"$(inherited)",
					"@executable_path/Frameworks",
					"@executable_path/../../Frameworks",
				);
				MARKETING_VERSION = 1.1;
				PRODUCT_BUNDLE_IDENTIFIER = com.luc.k9xm3xcr9gr6xpr9l.NotificationServiceExtension;
				PRODUCT_NAME = "$(TARGET_NAME)";
				SKIP_INSTALL = YES;
				STRING_CATALOG_GENERATE_SYMBOLS = YES;
				SUPPORTED_PLATFORMS = "iphoneos iphonesimulator";
				SUPPORTS_MACCATALYST = NO;
				SUPPORTS_MAC_DESIGNED_FOR_IPHONE_IPAD = NO;
				SUPPORTS_XR_DESIGNED_FOR_IPHONE_IPAD = NO;
				SWIFT_APPROACHABLE_CONCURRENCY = YES;
				SWIFT_EMIT_LOC_STRINGS = YES;
				SWIFT_UPCOMING_FEATURE_MEMBER_IMPORT_VISIBILITY = YES;
				SWIFT_VERSION = 5.0;
				TARGETED_DEVICE_FAMILY = 1;
			};
			name = Debug;
		};
		30EED6572F92006300B54138 /* Release */ = {
			isa = XCBuildConfiguration;
			buildSettings = {
				ASSETCATALOG_COMPILER_GENERATE_SWIFT_ASSET_SYMBOL_EXTENSIONS = YES;
				CODE_SIGN_STYLE = Automatic;
				CURRENT_PROJECT_VERSION = 1;
				GENERATE_INFOPLIST_FILE = YES;
				INFOPLIST_FILE = NotificationServiceExtension/Info.plist;
				INFOPLIST_KEY_CFBundleDisplayName = NotificationServiceExtension;
				INFOPLIST_KEY_NSHumanReadableCopyright = "";
				IPHONEOS_DEPLOYMENT_TARGET = 16.6;
				LD_RUNPATH_SEARCH_PATHS = (
					"$(inherited)",
					"@executable_path/Frameworks",
					"@executable_path/../../Frameworks",
				);
				MARKETING_VERSION = 1.1;
				PRODUCT_BUNDLE_IDENTIFIER = com.luc.k9xm3xcr9gr6xpr9l.NotificationServiceExtension;
				PRODUCT_NAME = "$(TARGET_NAME)";
				SKIP_INSTALL = YES;
				STRING_CATALOG_GENERATE_SYMBOLS = YES;
				SUPPORTED_PLATFORMS = "iphoneos iphonesimulator";
				SUPPORTS_MACCATALYST = NO;
				SUPPORTS_MAC_DESIGNED_FOR_IPHONE_IPAD = NO;
				SUPPORTS_XR_DESIGNED_FOR_IPHONE_IPAD = NO;
				SWIFT_APPROACHABLE_CONCURRENCY = YES;
				SWIFT_EMIT_LOC_STRINGS = YES;
				SWIFT_UPCOMING_FEATURE_MEMBER_IMPORT_VISIBILITY = YES;
				SWIFT_VERSION = 5.0;
				TARGETED_DEVICE_FAMILY = 1;
			};
			name = Release;
		};
/* End XCBuildConfiguration section */

/* Begin XCConfigurationList section */
		30CB3CF32F8E198F00699281 /* Build configuration list for PBXProject "136KexmexcregrexPrellil" */ = {
			isa = XCConfigurationList;
			buildConfigurations = (
				30CB3D0E2F8E198F00699281 /* Debug */,
				30CB3D0F2F8E198F00699281 /* Release */,
			);
			defaultConfigurationIsVisible = 0;
			defaultConfigurationName = Release;
		};
		30CB3D0B2F8E198F00699281 /* Build configuration list for PBXNativeTarget "136KexmexcregrexPrellil" */ = {
			isa = XCConfigurationList;
			buildConfigurations = (
				30CB3D0C2F8E198F00699281 /* Debug */,
				30CB3D0D2F8E198F00699281 /* Release */,
			);
			defaultConfigurationIsVisible = 0;
			defaultConfigurationName = Release;
		};
		30EED6552F92006300B54138 /* Build configuration list for PBXNativeTarget "NotificationServiceExtension" */ = {
			isa = XCConfigurationList;
			buildConfigurations = (
				30EED6562F92006300B54138 /* Debug */,
				30EED6572F92006300B54138 /* Release */,
			);
			defaultConfigurationIsVisible = 0;
			defaultConfigurationName = Release;
		};
/* End XCConfigurationList section */

/* Begin XCRemoteSwiftPackageReference section */
		30EED6592F9200D300B54138 /* XCRemoteSwiftPackageReference "AppsFlyerFramework-Static" */ = {
			isa = XCRemoteSwiftPackageReference;
			repositoryURL = "https://github.com/AppsFlyerSDK/AppsFlyerFramework-Static";
			requirement = {
				kind = upToNextMajorVersion;
				minimumVersion = 6.17.9;
			};
		};
		30EED65C2F92010300B54138 /* XCRemoteSwiftPackageReference "firebase-ios-sdk" */ = {
			isa = XCRemoteSwiftPackageReference;
			repositoryURL = "https://github.com/firebase/firebase-ios-sdk";
			requirement = {
				kind = upToNextMajorVersion;
				minimumVersion = 12.12.1;
			};
		};
/* End XCRemoteSwiftPackageReference section */

/* Begin XCSwiftPackageProductDependency section */
		30EED65A2F9200D300B54138 /* AppsFlyerLib-Static */ = {
			isa = XCSwiftPackageProductDependency;
			package = 30EED6592F9200D300B54138 /* XCRemoteSwiftPackageReference "AppsFlyerFramework-Static" */;
			productName = "AppsFlyerLib-Static";
		};
		30EED65D2F92010300B54138 /* FirebaseMessaging */ = {
			isa = XCSwiftPackageProductDependency;
			package = 30EED65C2F92010300B54138 /* XCRemoteSwiftPackageReference "firebase-ios-sdk" */;
			productName = FirebaseMessaging;
		};
		30EED65F2F92010F00B54138 /* FirebaseMessaging */ = {
			isa = XCSwiftPackageProductDependency;
			package = 30EED65C2F92010300B54138 /* XCRemoteSwiftPackageReference "firebase-ios-sdk" */;
			productName = FirebaseMessaging;
		};
/* End XCSwiftPackageProductDependency section */
	};
	rootObject = 30CB3CF02F8E198F00699281 /* Project object */;
}
